{
  "object": {
    "pins": [
      {
        "package": "Graphics",
        "repositoryURL": "https://github.com/dn-m/Graphics",
        "state": {
          "branch": null,
          "revision": "4d15d498a072e0c2ce7964c76c71fc41c6715538",
          "version": "0.4.1"
        }
      },
      {
        "package": "Math",
        "repositoryURL": "https://github.com/dn-m/Math",
        "state": {
          "branch": null,
          "revision": "519c7e3128e80fbfd43d7cc0c0947b86d423db8a",
          "version": "0.8.0"
        }
      },
      {
        "package": "Music",
        "repositoryURL": "https://github.com/dn-m/Music",
        "state": {
          "branch": null,
          "revision": "f3fd487603a05c7b7ff20f1e8ad29d866a60fded",
          "version": "0.17.1"
        }
      },
      {
        "package": "NotationModel",
        "repositoryURL": "https://github.com/dn-m/NotationModel",
        "state": {
          "branch": null,
          "revision": "a68f1af89ca15c41736e25f17616a4504838073c",
          "version": "0.9.0"
        }
      },
      {
        "package": "PerformanceTesting",
        "repositoryURL": "https://github.com/dn-m/PerformanceTesting",
        "state": {
          "branch": null,
          "revision": "7c73a60c4b69b981ac3dd4015cc26cea0e45c8c7",
          "version": "0.4.0"
        }
      },
      {
        "package": "Structure",
        "repositoryURL": "https://github.com/dn-m/Structure",
        "state": {
          "branch": null,
          "revision": "34b09ec3d34648a5f409457b7c7ee7bab6ca78bd",
          "version": "0.25.0"
        }
      },
      {
        "package": "SWXMLHash",
        "repositoryURL": "https://github.com/drmohundro/SWXMLHash",
        "state": {
          "branch": null,
          "revision": "f43166a8e18fdd0857f29e303b1bb79a5428bca0",
          "version": "4.9.0"
        }
      }
    ]
  },
  "version": 1
}
