{
  "object": {
    "pins": [
      {
        "package": "Graphics",
        "repositoryURL": "https://github.com/dn-m/Graphics",
        "state": {
          "branch": null,
          "revision": "35b87b55cbba48c90ebb6c93c9323271e31f1f59",
          "version": "0.1.1"
        }
      },
      {
        "package": "Math",
        "repositoryURL": "https://github.com/dn-m/Math",
        "state": {
          "branch": null,
          "revision": "075ebb5a934251ed7acbe4feace925ed7e322d0f",
          "version": "0.6.0"
        }
      },
      {
        "package": "Music",
        "repositoryURL": "https://github.com/dn-m/Music",
        "state": {
          "branch": null,
          "revision": "7033ba5d4fd00e799a92f57b4c410319a6e53114",
          "version": "0.10.0"
        }
      },
      {
        "package": "NotationModel",
        "repositoryURL": "https://github.com/dn-m/NotationModel",
        "state": {
          "branch": null,
          "revision": "ce6cd417a0965ea31eb0cff512a8ad09bc6030f5",
          "version": "0.6.0"
        }
      },
      {
        "package": "PerformanceTesting",
        "repositoryURL": "https://github.com/dn-m/PerformanceTesting",
        "state": {
          "branch": null,
          "revision": "d48417c837b1a029dd9567dfa7b5ee3cfa9a0ec7",
          "version": "0.3.0"
        }
      },
      {
        "package": "Structure",
        "repositoryURL": "https://github.com/dn-m/Structure",
        "state": {
          "branch": null,
          "revision": "cc4833213bf953fb0a71a98f446be740021cee08",
          "version": "0.19.3"
        }
      },
      {
        "package": "SWXMLHash",
        "repositoryURL": "https://github.com/drmohundro/SWXMLHash",
        "state": {
          "branch": null,
          "revision": "b130217d81833cecd7ddf78b76d60200f1070d98",
          "version": "4.7.4"
        }
      }
    ]
  },
  "version": 1
}
